
Microsoft Visual Studio Solution File, Format Version 12.00
# Visual Studio Version 16
VisualStudioVersion = 16.0.30320.27
MinimumVisualStudioVersion = 10.0.40219.1
Project("{9A19103F-16F7-4668-BE54-9A1E7A4F7556}") = "EasyCraft", "EasyCraft\EasyCraft.csproj", "{C4A03242-4EA6-4A64-AAB5-DBB7CA8B24D4}"
EndProject
Global
	GlobalSection(SolutionConfigurationPlatforms) = preSolution
		Debug Linux|Any CPU = Debug Linux|Any CPU
		Debug Windows|Any CPU = Debug Windows|Any CPU
		Release Linux|Any CPU = Release Linux|Any CPU
		Release Windows|Any CPU = Release Windows|Any CPU
	EndGlobalSection
	GlobalSection(ProjectConfigurationPlatforms) = postSolution
		{C4A03242-4EA6-4A64-AAB5-DBB7CA8B24D4}.Debug Linux|Any CPU.ActiveCfg = Debug Linux|x86
		{C4A03242-4EA6-4A64-AAB5-DBB7CA8B24D4}.Debug Linux|Any CPU.Build.0 = Debug Linux|x86
		{C4A03242-4EA6-4A64-AAB5-DBB7CA8B24D4}.Debug Windows|Any CPU.ActiveCfg = Debug Windows|x86
		{C4A03242-4EA6-4A64-AAB5-DBB7CA8B24D4}.Debug Windows|Any CPU.Build.0 = Debug Windows|x86
		{C4A03242-4EA6-4A64-AAB5-DBB7CA8B24D4}.Release Linux|Any CPU.ActiveCfg = Release Linux|x86
		{C4A03242-4EA6-4A64-AAB5-DBB7CA8B24D4}.Release Linux|Any CPU.Build.0 = Release Linux|x86
		{C4A03242-4EA6-4A64-AAB5-DBB7CA8B24D4}.Release Windows|Any CPU.ActiveCfg = Release Windows|x86
		{C4A03242-4EA6-4A64-AAB5-DBB7CA8B24D4}.Release Windows|Any CPU.Build.0 = Release Windows|x86
	EndGlobalSection
	GlobalSection(SolutionProperties) = preSolution
		HideSolutionNode = FALSE
	EndGlobalSection
	GlobalSection(ExtensibilityGlobals) = postSolution
		SolutionGuid = {04679C21-2C10-4061-8D4A-EB6A1EA0964A}
	EndGlobalSection
EndGlobal
